<Solution>
  <Folder Name="/doc/" />
  <Folder Name="/src/">
    <Project Path="src/BlaisePascal.Lesson1.Console/BlaisePascal.Lesson1.Console.csproj" Id="d6740d52-3122-4839-8758-f4235d54d65e" />
    <Project Path="src/Class1/Class1.csproj" />
  </Folder>
  <Folder Name="/test/">
    <Project Path="test/Test1/Test1.csproj" Id="788f983a-0d12-4653-8768-1aa8894afa45" />
  </Folder>
</Solution>
